
Microsoft Visual Studio Solution File, Format Version 12.00
# Visual Studio Version 17
VisualStudioVersion = 17.8.34511.84
MinimumVisualStudioVersion = 10.0.40219.1
Project("{9A19103F-16F7-4668-BE54-9A1E7A4F7556}") = "BeginnerBlazor", "BeginnerBlazor\BeginnerBlazor.csproj", "{0AE4F93E-F62C-4406-92F8-FD2BDE45D130}"
EndProject
Global
	GlobalSection(SolutionConfigurationPlatforms) = preSolution
		Debug|Any CPU = Debug|Any CPU
		Release|Any CPU = Release|Any CPU
	EndGlobalSection
	GlobalSection(ProjectConfigurationPlatforms) = postSolution
		{0AE4F93E-F62C-4406-92F8-FD2BDE45D130}.Debug|Any CPU.ActiveCfg = Debug|Any CPU
		{0AE4F93E-F62C-4406-92F8-FD2BDE45D130}.Debug|Any CPU.Build.0 = Debug|Any CPU
		{0AE4F93E-F62C-4406-92F8-FD2BDE45D130}.Release|Any CPU.ActiveCfg = Release|Any CPU
		{0AE4F93E-F62C-4406-92F8-FD2BDE45D130}.Release|Any CPU.Build.0 = Release|Any CPU
	EndGlobalSection
	GlobalSection(SolutionProperties) = preSolution
		HideSolutionNode = FALSE
	EndGlobalSection
	GlobalSection(ExtensibilityGlobals) = postSolution
		SolutionGuid = {2D6F54E2-A431-4FA0-A16C-EEFF113E4CA4}
	EndGlobalSection
EndGlobal
